
Microsoft Visual Studio Solution File, Format Version 11.00
# Visual Studio 2010
Project("{FAE04EC0-301F-11D3-BF4B-00C04F79EFBC}") = "Functional.Datatypes", "Functional.Datatypes\Functional.Datatypes.csproj", "{7CFEAD0C-6EB7-4DAC-9DB7-9B093700511C}"
EndProject
Project("{FAE04EC0-301F-11D3-BF4B-00C04F79EFBC}") = "Functional.Datatypes.Specs", "Functional.Datatypes.Specs\Functional.Datatypes.Specs.csproj", "{1FCC65CA-3EF2-4A56-A9A9-79D41F6E73A0}"
EndProject
Global
	GlobalSection(SolutionConfigurationPlatforms) = preSolution
		Debug|Any CPU = Debug|Any CPU
		Release|Any CPU = Release|Any CPU
	EndGlobalSection
	GlobalSection(ProjectConfigurationPlatforms) = postSolution
		{7CFEAD0C-6EB7-4DAC-9DB7-9B093700511C}.Debug|Any CPU.ActiveCfg = Debug|Any CPU
		{7CFEAD0C-6EB7-4DAC-9DB7-9B093700511C}.Debug|Any CPU.Build.0 = Debug|Any CPU
		{7CFEAD0C-6EB7-4DAC-9DB7-9B093700511C}.Release|Any CPU.ActiveCfg = Release|Any CPU
		{7CFEAD0C-6EB7-4DAC-9DB7-9B093700511C}.Release|Any CPU.Build.0 = Release|Any CPU
		{1FCC65CA-3EF2-4A56-A9A9-79D41F6E73A0}.Debug|Any CPU.ActiveCfg = Debug|Any CPU
		{1FCC65CA-3EF2-4A56-A9A9-79D41F6E73A0}.Debug|Any CPU.Build.0 = Debug|Any CPU
		{1FCC65CA-3EF2-4A56-A9A9-79D41F6E73A0}.Release|Any CPU.ActiveCfg = Release|Any CPU
		{1FCC65CA-3EF2-4A56-A9A9-79D41F6E73A0}.Release|Any CPU.Build.0 = Release|Any CPU
	EndGlobalSection
	GlobalSection(SolutionProperties) = preSolution
		HideSolutionNode = FALSE
	EndGlobalSection
EndGlobal
